
Microsoft Visual Studio Solution File, Format Version 12.00
# Visual Studio Version 16
VisualStudioVersion = 16.0.31402.337
MinimumVisualStudioVersion = 10.0.40219.1
Project("{FAE04EC0-301F-11D3-BF4B-00C04F79EFBC}") = "projetoSISARTS", "projetoSISARTS.csproj", "{239BCF9F-67AE-4F4F-954C-0ECEC47D8FEA}"
EndProject
Global
	GlobalSection(SolutionConfigurationPlatforms) = preSolution
		Debug|Any CPU = Debug|Any CPU
		Release|Any CPU = Release|Any CPU
	EndGlobalSection
	GlobalSection(ProjectConfigurationPlatforms) = postSolution
		{239BCF9F-67AE-4F4F-954C-0ECEC47D8FEA}.Debug|Any CPU.ActiveCfg = Debug|Any CPU
		{239BCF9F-67AE-4F4F-954C-0ECEC47D8FEA}.Debug|Any CPU.Build.0 = Debug|Any CPU
		{239BCF9F-67AE-4F4F-954C-0ECEC47D8FEA}.Release|Any CPU.ActiveCfg = Release|Any CPU
		{239BCF9F-67AE-4F4F-954C-0ECEC47D8FEA}.Release|Any CPU.Build.0 = Release|Any CPU
	EndGlobalSection
	GlobalSection(SolutionProperties) = preSolution
		HideSolutionNode = FALSE
	EndGlobalSection
	GlobalSection(ExtensibilityGlobals) = postSolution
		SolutionGuid = {C8CB7328-FD40-4941-9A41-56003F5DF4DC}
	EndGlobalSection
EndGlobal
