
Microsoft Visual Studio Solution File, Format Version 12.00
# Visual Studio Version 16
VisualStudioVersion = 16.0.31402.337
MinimumVisualStudioVersion = 10.0.40219.1
Project("{FAE04EC0-301F-11D3-BF4B-00C04F79EFBC}") = "SisArtsLOGIN", "SisArtsLOGIN.csproj", "{F8A20590-3CA0-4AAF-BD4B-04AA9F0626F2}"
EndProject
Global
	GlobalSection(SolutionConfigurationPlatforms) = preSolution
		Debug|Any CPU = Debug|Any CPU
		Release|Any CPU = Release|Any CPU
	EndGlobalSection
	GlobalSection(ProjectConfigurationPlatforms) = postSolution
		{F8A20590-3CA0-4AAF-BD4B-04AA9F0626F2}.Debug|Any CPU.ActiveCfg = Debug|Any CPU
		{F8A20590-3CA0-4AAF-BD4B-04AA9F0626F2}.Debug|Any CPU.Build.0 = Debug|Any CPU
		{F8A20590-3CA0-4AAF-BD4B-04AA9F0626F2}.Release|Any CPU.ActiveCfg = Release|Any CPU
		{F8A20590-3CA0-4AAF-BD4B-04AA9F0626F2}.Release|Any CPU.Build.0 = Release|Any CPU
	EndGlobalSection
	GlobalSection(SolutionProperties) = preSolution
		HideSolutionNode = FALSE
	EndGlobalSection
	GlobalSection(ExtensibilityGlobals) = postSolution
		SolutionGuid = {9A5F1CB5-7F21-46C4-9042-A34CD12C33FD}
	EndGlobalSection
EndGlobal
